
Microsoft Visual Studio Solution File, Format Version 12.00
# Visual Studio Version 16
VisualStudioVersion = 16.0.29123.88
MinimumVisualStudioVersion = 10.0.40219.1
Project("{6EC3EE1D-3C4E-46DD-8F32-0CC8E7565705}") = "fsnative", "src\fsnative\fsnative.fsproj", "{CA2BE609-58D7-4D43-9966-598D82E32BDE}"
EndProject
Project("{2150E333-8FDC-42A3-9474-1A3956D46DE8}") = "Solution Items", "Solution Items", "{CB94F44C-4BDA-49EC-BDAB-9D4D23B5C171}"
	ProjectSection(SolutionItems) = preProject
		paket.dependencies = paket.dependencies
		paket.lock = paket.lock
	EndProjectSection
EndProject
Global
	GlobalSection(SolutionConfigurationPlatforms) = preSolution
		Debug|Any CPU = Debug|Any CPU
		Release|Any CPU = Release|Any CPU
	EndGlobalSection
	GlobalSection(ProjectConfigurationPlatforms) = postSolution
		{CA2BE609-58D7-4D43-9966-598D82E32BDE}.Debug|Any CPU.ActiveCfg = Debug|Any CPU
		{CA2BE609-58D7-4D43-9966-598D82E32BDE}.Debug|Any CPU.Build.0 = Debug|Any CPU
		{CA2BE609-58D7-4D43-9966-598D82E32BDE}.Release|Any CPU.ActiveCfg = Release|Any CPU
		{CA2BE609-58D7-4D43-9966-598D82E32BDE}.Release|Any CPU.Build.0 = Release|Any CPU
	EndGlobalSection
	GlobalSection(SolutionProperties) = preSolution
		HideSolutionNode = FALSE
	EndGlobalSection
	GlobalSection(ExtensibilityGlobals) = postSolution
		SolutionGuid = {094FF83C-BE41-4A66-AE66-326FE106070C}
	EndGlobalSection
EndGlobal
